// !$*UTF8*$!
{
	archiveVersion = 1;
	classes = {
	};
	objectVersion = 50;
	objects = {

/* Begin PBXBuildFile section */
		2298DA534D176C4D0BC61586 /* Pods_RealTimeProfiles.framework in Frameworks */ = {isa = PBXBuildFile; fileRef = 6378598858E6DFE5BADC9BF1 /* Pods_RealTimeProfiles.framework */; };
		6D1329607E48B71344DE0B04 /* Pods_RealTimeProfilesUITests.framework in Frameworks */ = {isa = PBXBuildFile; fileRef = 1ACFC42394C2A1650A9FCE6B /* Pods_RealTimeProfilesUITests.framework */; };
		8E783DDBF273A1A0E35AB487 /* Pods_RealTimeProfilesTests.framework in Frameworks */ = {isa = PBXBuildFile; fileRef = B645E9B1A9B681AB4B7227BF /* Pods_RealTimeProfilesTests.framework */; };
		963488BD2124F3980060318B /* AppDelegate.swift in Sources */ = {isa = PBXBuildFile; fileRef = 963488BC2124F3980060318B /* AppDelegate.swift */; };
		963488C42124F3990060318B /* Assets.xcassets in Resources */ = {isa = PBXBuildFile; fileRef = 963488C32124F3990060318B /* Assets.xcassets */; };
		963488D22124F3990060318B /* RealTimeProfilesTests.swift in Sources */ = {isa = PBXBuildFile; fileRef = 963488D12124F3990060318B /* RealTimeProfilesTests.swift */; };
		963488DD2124F3990060318B /* RealTimeProfilesUITests.swift in Sources */ = {isa = PBXBuildFile; fileRef = 963488DC2124F3990060318B /* RealTimeProfilesUITests.swift */; };
		963488ED2124F6F80060318B /* LaunchScreen.storyboard in Resources */ = {isa = PBXBuildFile; fileRef = 963488EB2124F6F80060318B /* LaunchScreen.storyboard */; };
		963488EE2124F6F80060318B /* Main.storyboard in Resources */ = {isa = PBXBuildFile; fileRef = 963488EC2124F6F80060318B /* Main.storyboard */; };
		963488F12124F7010060318B /* ProfileViewController.swift in Sources */ = {isa = PBXBuildFile; fileRef = 963488F02124F7010060318B /* ProfileViewController.swift */; };
		963488F72124F8000060318B /* GoogleService-Info.plist in Resources */ = {isa = PBXBuildFile; fileRef = 963488F52124F8000060318B /* GoogleService-Info.plist */; };
		96555D0D213B3430005291C8 /* FilterSortViewController.swift in Sources */ = {isa = PBXBuildFile; fileRef = 96555D0C213B3430005291C8 /* FilterSortViewController.swift */; };
		96555D0F213B46A6005291C8 /* ProfileDetailViewController.swift in Sources */ = {isa = PBXBuildFile; fileRef = 96555D0E213B46A6005291C8 /* ProfileDetailViewController.swift */; };
		9655C6AB21333FC3001C56C3 /* LoginViewModel.swift in Sources */ = {isa = PBXBuildFile; fileRef = 9655C6AA21333FC3001C56C3 /* LoginViewModel.swift */; };
		9655C6AD213349FC001C56C3 /* CreateProfileViewController.swift in Sources */ = {isa = PBXBuildFile; fileRef = 9655C6AC213349FC001C56C3 /* CreateProfileViewController.swift */; };
		9661082F2128C93C0070BD47 /* Profile.swift in Sources */ = {isa = PBXBuildFile; fileRef = 9661082E2128C93C0070BD47 /* Profile.swift */; };
		966108322128CED40070BD47 /* ProfileViewModel.swift in Sources */ = {isa = PBXBuildFile; fileRef = 966108312128CED40070BD47 /* ProfileViewModel.swift */; };
		96632E4C2137614300E1621E /* AppearanceProxy.swift in Sources */ = {isa = PBXBuildFile; fileRef = 96632E4B2137614300E1621E /* AppearanceProxy.swift */; };
		96D4832D2128C20E00ADF55C /* ProfileCollectionViewCell.swift in Sources */ = {isa = PBXBuildFile; fileRef = 96D4832C2128C20E00ADF55C /* ProfileCollectionViewCell.swift */; };
		96F1658B212BA0B00018BC4B /* LoginViewController.swift in Sources */ = {isa = PBXBuildFile; fileRef = 96F1658A212BA0B00018BC4B /* LoginViewController.swift */; };
		96F1658E212BA2BE0018BC4B /* Constants.swift in Sources */ = {isa = PBXBuildFile; fileRef = 96F1658D212BA2BE0018BC4B /* Constants.swift */; };
/* End PBXBuildFile section */

/* Begin PBXContainerItemProxy section */
		963488CE2124F3990060318B /* PBXContainerItemProxy */ = {
			isa = PBXContainerItemProxy;
			containerPortal = 963488B12124F3980060318B /* Project object */;
			proxyType = 1;
			remoteGlobalIDString = 963488B82124F3980060318B;
			remoteInfo = RealTimeProfiles;
		};
		963488D92124F3990060318B /* PBXContainerItemProxy */ = {
			isa = PBXContainerItemProxy;
			containerPortal = 963488B12124F3980060318B /* Project object */;
			proxyType = 1;
			remoteGlobalIDString = 963488B82124F3980060318B;
			remoteInfo = RealTimeProfiles;
		};
/* End PBXContainerItemProxy section */

/* Begin PBXFileReference section */
		1ACFC42394C2A1650A9FCE6B /* Pods_RealTimeProfilesUITests.framework */ = {isa = PBXFileReference; explicitFileType = wrapper.framework; includeInIndex = 0; path = Pods_RealTimeProfilesUITests.framework; sourceTree = BUILT_PRODUCTS_DIR; };
		6378598858E6DFE5BADC9BF1 /* Pods_RealTimeProfiles.framework */ = {isa = PBXFileReference; explicitFileType = wrapper.framework; includeInIndex = 0; path = Pods_RealTimeProfiles.framework; sourceTree = BUILT_PRODUCTS_DIR; };
		6709B21CE7007C7BEB7D9091 /* Pods-RealTimeProfiles.release.xcconfig */ = {isa = PBXFileReference; includeInIndex = 1; lastKnownFileType = text.xcconfig; name = "Pods-RealTimeProfiles.release.xcconfig"; path = "Pods/Target Support Files/Pods-RealTimeProfiles/Pods-RealTimeProfiles.release.xcconfig"; sourceTree = "<group>"; };
		7B9BCE1EE189CAC698002331 /* Pods-RealTimeProfilesTests.debug.xcconfig */ = {isa = PBXFileReference; includeInIndex = 1; lastKnownFileType = text.xcconfig; name = "Pods-RealTimeProfilesTests.debug.xcconfig"; path = "Pods/Target Support Files/Pods-RealTimeProfilesTests/Pods-RealTimeProfilesTests.debug.xcconfig"; sourceTree = "<group>"; };
		869920424714F23C6ED9F8F7 /* Pods-RealTimeProfilesUITests.debug.xcconfig */ = {isa = PBXFileReference; includeInIndex = 1; lastKnownFileType = text.xcconfig; name = "Pods-RealTimeProfilesUITests.debug.xcconfig"; path = "Pods/Target Support Files/Pods-RealTimeProfilesUITests/Pods-RealTimeProfilesUITests.debug.xcconfig"; sourceTree = "<group>"; };
		8DB2EA1ED9BCCECE7CFC4A86 /* Pods-RealTimeProfilesUITests.release.xcconfig */ = {isa = PBXFileReference; includeInIndex = 1; lastKnownFileType = text.xcconfig; name = "Pods-RealTimeProfilesUITests.release.xcconfig"; path = "Pods/Target Support Files/Pods-RealTimeProfilesUITests/Pods-RealTimeProfilesUITests.release.xcconfig"; sourceTree = "<group>"; };
		963488B92124F3980060318B /* RealTimeProfiles.app */ = {isa = PBXFileReference; explicitFileType = wrapper.application; includeInIndex = 0; path = RealTimeProfiles.app; sourceTree = BUILT_PRODUCTS_DIR; };
		963488BC2124F3980060318B /* AppDelegate.swift */ = {isa = PBXFileReference; lastKnownFileType = sourcecode.swift; path = AppDelegate.swift; sourceTree = "<group>"; };
		963488C32124F3990060318B /* Assets.xcassets */ = {isa = PBXFileReference; lastKnownFileType = folder.assetcatalog; path = Assets.xcassets; sourceTree = "<group>"; };
		963488CD2124F3990060318B /* RealTimeProfilesTests.xctest */ = {isa = PBXFileReference; explicitFileType = wrapper.cfbundle; includeInIndex = 0; path = RealTimeProfilesTests.xctest; sourceTree = BUILT_PRODUCTS_DIR; };
		963488D12124F3990060318B /* RealTimeProfilesTests.swift */ = {isa = PBXFileReference; lastKnownFileType = sourcecode.swift; path = RealTimeProfilesTests.swift; sourceTree = "<group>"; };
		963488D32124F3990060318B /* Info.plist */ = {isa = PBXFileReference; lastKnownFileType = text.plist.xml; path = Info.plist; sourceTree = "<group>"; };
		963488D82124F3990060318B /* RealTimeProfilesUITests.xctest */ = {isa = PBXFileReference; explicitFileType = wrapper.cfbundle; includeInIndex = 0; path = RealTimeProfilesUITests.xctest; sourceTree = BUILT_PRODUCTS_DIR; };
		963488DC2124F3990060318B /* RealTimeProfilesUITests.swift */ = {isa = PBXFileReference; lastKnownFileType = sourcecode.swift; path = RealTimeProfilesUITests.swift; sourceTree = "<group>"; };
		963488DE2124F3990060318B /* Info.plist */ = {isa = PBXFileReference; lastKnownFileType = text.plist.xml; path = Info.plist; sourceTree = "<group>"; };
		963488EB2124F6F80060318B /* LaunchScreen.storyboard */ = {isa = PBXFileReference; fileEncoding = 4; lastKnownFileType = file.storyboard; path = LaunchScreen.storyboard; sourceTree = "<group>"; };
		963488EC2124F6F80060318B /* Main.storyboard */ = {isa = PBXFileReference; fileEncoding = 4; lastKnownFileType = file.storyboard; path = Main.storyboard; sourceTree = "<group>"; };
		963488F02124F7010060318B /* ProfileViewController.swift */ = {isa = PBXFileReference; fileEncoding = 4; lastKnownFileType = sourcecode.swift; path = ProfileViewController.swift; sourceTree = "<group>"; };
		963488F52124F8000060318B /* GoogleService-Info.plist */ = {isa = PBXFileReference; fileEncoding = 4; lastKnownFileType = text.plist.xml; path = "GoogleService-Info.plist"; sourceTree = "<group>"; };
		963488F62124F8000060318B /* Info.plist */ = {isa = PBXFileReference; fileEncoding = 4; lastKnownFileType = text.plist.xml; path = Info.plist; sourceTree = "<group>"; };
		96555D0C213B3430005291C8 /* FilterSortViewController.swift */ = {isa = PBXFileReference; lastKnownFileType = sourcecode.swift; path = FilterSortViewController.swift; sourceTree = "<group>"; };
		96555D0E213B46A6005291C8 /* ProfileDetailViewController.swift */ = {isa = PBXFileReference; lastKnownFileType = sourcecode.swift; path = ProfileDetailViewController.swift; sourceTree = "<group>"; };
		9655C6AA21333FC3001C56C3 /* LoginViewModel.swift */ = {isa = PBXFileReference; lastKnownFileType = sourcecode.swift; path = LoginViewModel.swift; sourceTree = "<group>"; };
		9655C6AC213349FC001C56C3 /* CreateProfileViewController.swift */ = {isa = PBXFileReference; lastKnownFileType = sourcecode.swift; path = CreateProfileViewController.swift; sourceTree = "<group>"; };
		9661082E2128C93C0070BD47 /* Profile.swift */ = {isa = PBXFileReference; lastKnownFileType = sourcecode.swift; path = Profile.swift; sourceTree = "<group>"; };
		966108312128CED40070BD47 /* ProfileViewModel.swift */ = {isa = PBXFileReference; lastKnownFileType = sourcecode.swift; path = ProfileViewModel.swift; sourceTree = "<group>"; };
		96632E4B2137614300E1621E /* AppearanceProxy.swift */ = {isa = PBXFileReference; lastKnownFileType = sourcecode.swift; path = AppearanceProxy.swift; sourceTree = "<group>"; };
		96D4832C2128C20E00ADF55C /* ProfileCollectionViewCell.swift */ = {isa = PBXFileReference; lastKnownFileType = sourcecode.swift; path = ProfileCollectionViewCell.swift; sourceTree = "<group>"; };
		96F1658A212BA0B00018BC4B /* LoginViewController.swift */ = {isa = PBXFileReference; lastKnownFileType = sourcecode.swift; path = LoginViewController.swift; sourceTree = "<group>"; };
		96F1658D212BA2BE0018BC4B /* Constants.swift */ = {isa = PBXFileReference; lastKnownFileType = sourcecode.swift; path = Constants.swift; sourceTree = "<group>"; };
		A57B8FFBFABE007758531C33 /* Pods-RealTimeProfiles.debug.xcconfig */ = {isa = PBXFileReference; includeInIndex = 1; lastKnownFileType = text.xcconfig; name = "Pods-RealTimeProfiles.debug.xcconfig"; path = "Pods/Target Support Files/Pods-RealTimeProfiles/Pods-RealTimeProfiles.debug.xcconfig"; sourceTree = "<group>"; };
		B645E9B1A9B681AB4B7227BF /* Pods_RealTimeProfilesTests.framework */ = {isa = PBXFileReference; explicitFileType = wrapper.framework; includeInIndex = 0; path = Pods_RealTimeProfilesTests.framework; sourceTree = BUILT_PRODUCTS_DIR; };
		EB4EB01BE5B6C6AB779C2EE8 /* Pods-RealTimeProfilesTests.release.xcconfig */ = {isa = PBXFileReference; includeInIndex = 1; lastKnownFileType = text.xcconfig; name = "Pods-RealTimeProfilesTests.release.xcconfig"; path = "Pods/Target Support Files/Pods-RealTimeProfilesTests/Pods-RealTimeProfilesTests.release.xcconfig"; sourceTree = "<group>"; };
/* End PBXFileReference section */

/* Begin PBXFrameworksBuildPhase section */
		963488B62124F3980060318B /* Frameworks */ = {
			isa = PBXFrameworksBuildPhase;
			buildActionMask = 2147483647;
			files = (
				2298DA534D176C4D0BC61586 /* Pods_RealTimeProfiles.framework in Frameworks */,
			);
			runOnlyForDeploymentPostprocessing = 0;
		};
		963488CA2124F3990060318B /* Frameworks */ = {
			isa = PBXFrameworksBuildPhase;
			buildActionMask = 2147483647;
			files = (
				8E783DDBF273A1A0E35AB487 /* Pods_RealTimeProfilesTests.framework in Frameworks */,
			);
			runOnlyForDeploymentPostprocessing = 0;
		};
		963488D52124F3990060318B /* Frameworks */ = {
			isa = PBXFrameworksBuildPhase;
			buildActionMask = 2147483647;
			files = (
				6D1329607E48B71344DE0B04 /* Pods_RealTimeProfilesUITests.framework in Frameworks */,
			);
			runOnlyForDeploymentPostprocessing = 0;
		};
/* End PBXFrameworksBuildPhase section */

/* Begin PBXGroup section */
		16574ECE7DC1560B7C12B913 /* Pods */ = {
			isa = PBXGroup;
			children = (
				A57B8FFBFABE007758531C33 /* Pods-RealTimeProfiles.debug.xcconfig */,
				6709B21CE7007C7BEB7D9091 /* Pods-RealTimeProfiles.release.xcconfig */,
				7B9BCE1EE189CAC698002331 /* Pods-RealTimeProfilesTests.debug.xcconfig */,
				EB4EB01BE5B6C6AB779C2EE8 /* Pods-RealTimeProfilesTests.release.xcconfig */,
				869920424714F23C6ED9F8F7 /* Pods-RealTimeProfilesUITests.debug.xcconfig */,
				8DB2EA1ED9BCCECE7CFC4A86 /* Pods-RealTimeProfilesUITests.release.xcconfig */,
			);
			name = Pods;
			sourceTree = "<group>";
		};
		963488B02124F3980060318B = {
			isa = PBXGroup;
			children = (
				963488BB2124F3980060318B /* RealTimeProfiles */,
				963488D02124F3990060318B /* RealTimeProfilesTests */,
				963488DB2124F3990060318B /* RealTimeProfilesUITests */,
				963488BA2124F3980060318B /* Products */,
				16574ECE7DC1560B7C12B913 /* Pods */,
				ECA6E0FE8C49F9050DB5129D /* Frameworks */,
			);
			sourceTree = "<group>";
		};
		963488BA2124F3980060318B /* Products */ = {
			isa = PBXGroup;
			children = (
				963488B92124F3980060318B /* RealTimeProfiles.app */,
				963488CD2124F3990060318B /* RealTimeProfilesTests.xctest */,
				963488D82124F3990060318B /* RealTimeProfilesUITests.xctest */,
			);
			name = Products;
			sourceTree = "<group>";
		};
		963488BB2124F3980060318B /* RealTimeProfiles */ = {
			isa = PBXGroup;
			children = (
				963488F42124F8000060318B /* configs */,
				9661082D2128C92A0070BD47 /* models */,
				963488EA2124F6F80060318B /* storyboards */,
				96F1658C212BA2AD0018BC4B /* utils */,
				963488EF2124F7010060318B /* viewcontrollers */,
				966108302128CE9F0070BD47 /* viewmodels */,
				963488BC2124F3980060318B /* AppDelegate.swift */,
				963488C32124F3990060318B /* Assets.xcassets */,
			);
			path = RealTimeProfiles;
			sourceTree = "<group>";
		};
		963488D02124F3990060318B /* RealTimeProfilesTests */ = {
			isa = PBXGroup;
			children = (
				963488D12124F3990060318B /* RealTimeProfilesTests.swift */,
				963488D32124F3990060318B /* Info.plist */,
			);
			path = RealTimeProfilesTests;
			sourceTree = "<group>";
		};
		963488DB2124F3990060318B /* RealTimeProfilesUITests */ = {
			isa = PBXGroup;
			children = (
				963488DC2124F3990060318B /* RealTimeProfilesUITests.swift */,
				963488DE2124F3990060318B /* Info.plist */,
			);
			path = RealTimeProfilesUITests;
			sourceTree = "<group>";
		};
		963488EA2124F6F80060318B /* storyboards */ = {
			isa = PBXGroup;
			children = (
				963488EB2124F6F80060318B /* LaunchScreen.storyboard */,
				963488EC2124F6F80060318B /* Main.storyboard */,
			);
			path = storyboards;
			sourceTree = "<group>";
		};
		963488EF2124F7010060318B /* viewcontrollers */ = {
			isa = PBXGroup;
			children = (
				96D4832B2128C1EE00ADF55C /* cells */,
				9655C6AC213349FC001C56C3 /* CreateProfileViewController.swift */,
				96555D0C213B3430005291C8 /* FilterSortViewController.swift */,
				96F1658A212BA0B00018BC4B /* LoginViewController.swift */,
				96555D0E213B46A6005291C8 /* ProfileDetailViewController.swift */,
				963488F02124F7010060318B /* ProfileViewController.swift */,
			);
			path = viewcontrollers;
			sourceTree = "<group>";
		};
		963488F42124F8000060318B /* configs */ = {
			isa = PBXGroup;
			children = (
				963488F52124F8000060318B /* GoogleService-Info.plist */,
				963488F62124F8000060318B /* Info.plist */,
			);
			path = configs;
			sourceTree = "<group>";
		};
		9661082D2128C92A0070BD47 /* models */ = {
			isa = PBXGroup;
			children = (
				9661082E2128C93C0070BD47 /* Profile.swift */,
			);
			path = models;
			sourceTree = "<group>";
		};
		966108302128CE9F0070BD47 /* viewmodels */ = {
			isa = PBXGroup;
			children = (
				9655C6AA21333FC3001C56C3 /* LoginViewModel.swift */,
				966108312128CED40070BD47 /* ProfileViewModel.swift */,
			);
			path = viewmodels;
			sourceTree = "<group>";
		};
		96D4832B2128C1EE00ADF55C /* cells */ = {
			isa = PBXGroup;
			children = (
				96D4832C2128C20E00ADF55C /* ProfileCollectionViewCell.swift */,
			);
			path = cells;
			sourceTree = "<group>";
		};
		96F1658C212BA2AD0018BC4B /* utils */ = {
			isa = PBXGroup;
			children = (
				96632E4B2137614300E1621E /* AppearanceProxy.swift */,
				96F1658D212BA2BE0018BC4B /* Constants.swift */,
			);
			path = utils;
			sourceTree = "<group>";
		};
		ECA6E0FE8C49F9050DB5129D /* Frameworks */ = {
			isa = PBXGroup;
			children = (
				6378598858E6DFE5BADC9BF1 /* Pods_RealTimeProfiles.framework */,
				B645E9B1A9B681AB4B7227BF /* Pods_RealTimeProfilesTests.framework */,
				1ACFC42394C2A1650A9FCE6B /* Pods_RealTimeProfilesUITests.framework */,
			);
			name = Frameworks;
			sourceTree = "<group>";
		};
/* End PBXGroup section */

/* Begin PBXNativeTarget section */
		963488B82124F3980060318B /* RealTimeProfiles */ = {
			isa = PBXNativeTarget;
			buildConfigurationList = 963488E12124F3990060318B /* Build configuration list for PBXNativeTarget "RealTimeProfiles" */;
			buildPhases = (
				95AAD5BA79DB5946FAED3E63 /* [CP] Check Pods Manifest.lock */,
				963488B52124F3980060318B /* Sources */,
				963488B62124F3980060318B /* Frameworks */,
				963488B72124F3980060318B /* Resources */,
				7A790C21539CC1F541C16532 /* [CP] Embed Pods Frameworks */,
				96D4832A2128BE6500ADF55C /* ShellScript */,
			);
			buildRules = (
			);
			dependencies = (
			);
			name = RealTimeProfiles;
			productName = RealTimeProfiles;
			productReference = 963488B92124F3980060318B /* RealTimeProfiles.app */;
			productType = "com.apple.product-type.application";
		};
		963488CC2124F3990060318B /* RealTimeProfilesTests */ = {
			isa = PBXNativeTarget;
			buildConfigurationList = 963488E42124F3990060318B /* Build configuration list for PBXNativeTarget "RealTimeProfilesTests" */;
			buildPhases = (
				2520DD9BFB2756A308B90F25 /* [CP] Check Pods Manifest.lock */,
				963488C92124F3990060318B /* Sources */,
				963488CA2124F3990060318B /* Frameworks */,
				963488CB2124F3990060318B /* Resources */,
			);
			buildRules = (
			);
			dependencies = (
				963488CF2124F3990060318B /* PBXTargetDependency */,
			);
			name = RealTimeProfilesTests;
			productName = RealTimeProfilesTests;
			productReference = 963488CD2124F3990060318B /* RealTimeProfilesTests.xctest */;
			productType = "com.apple.product-type.bundle.unit-test";
		};
		963488D72124F3990060318B /* RealTimeProfilesUITests */ = {
			isa = PBXNativeTarget;
			buildConfigurationList = 963488E72124F3990060318B /* Build configuration list for PBXNativeTarget "RealTimeProfilesUITests" */;
			buildPhases = (
				63C13394FB88B6156C9B18D7 /* [CP] Check Pods Manifest.lock */,
				963488D42124F3990060318B /* Sources */,
				963488D52124F3990060318B /* Frameworks */,
				963488D62124F3990060318B /* Resources */,
			);
			buildRules = (
			);
			dependencies = (
				963488DA2124F3990060318B /* PBXTargetDependency */,
			);
			name = RealTimeProfilesUITests;
			productName = RealTimeProfilesUITests;
			productReference = 963488D82124F3990060318B /* RealTimeProfilesUITests.xctest */;
			productType = "com.apple.product-type.bundle.ui-testing";
		};
/* End PBXNativeTarget section */

/* Begin PBXProject section */
		963488B12124F3980060318B /* Project object */ = {
			isa = PBXProject;
			attributes = {
				LastSwiftUpdateCheck = 0940;
				LastUpgradeCheck = 0940;
				ORGANIZATIONNAME = "Rachel Parsons";
				TargetAttributes = {
					963488B82124F3980060318B = {
						CreatedOnToolsVersion = 9.4.1;
						LastSwiftMigration = 1000;
					};
					963488CC2124F3990060318B = {
						CreatedOnToolsVersion = 9.4.1;
						LastSwiftMigration = 1000;
						TestTargetID = 963488B82124F3980060318B;
					};
					963488D72124F3990060318B = {
						CreatedOnToolsVersion = 9.4.1;
						LastSwiftMigration = 1000;
						TestTargetID = 963488B82124F3980060318B;
					};
				};
			};
			buildConfigurationList = 963488B42124F3980060318B /* Build configuration list for PBXProject "RealTimeProfiles" */;
			compatibilityVersion = "Xcode 9.3";
			developmentRegion = en;
			hasScannedForEncodings = 0;
			knownRegions = (
				en,
				Base,
			);
			mainGroup = 963488B02124F3980060318B;
			productRefGroup = 963488BA2124F3980060318B /* Products */;
			projectDirPath = "";
			projectRoot = "";
			targets = (
				963488B82124F3980060318B /* RealTimeProfiles */,
				963488CC2124F3990060318B /* RealTimeProfilesTests */,
				963488D72124F3990060318B /* RealTimeProfilesUITests */,
			);
		};
/* End PBXProject section */

/* Begin PBXResourcesBuildPhase section */
		963488B72124F3980060318B /* Resources */ = {
			isa = PBXResourcesBuildPhase;
			buildActionMask = 2147483647;
			files = (
				963488EE2124F6F80060318B /* Main.storyboard in Resources */,
				963488F72124F8000060318B /* GoogleService-Info.plist in Resources */,
				963488C42124F3990060318B /* Assets.xcassets in Resources */,
				963488ED2124F6F80060318B /* LaunchScreen.storyboard in Resources */,
			);
			runOnlyForDeploymentPostprocessing = 0;
		};
		963488CB2124F3990060318B /* Resources */ = {
			isa = PBXResourcesBuildPhase;
			buildActionMask = 2147483647;
			files = (
			);
			runOnlyForDeploymentPostprocessing = 0;
		};
		963488D62124F3990060318B /* Resources */ = {
			isa = PBXResourcesBuildPhase;
			buildActionMask = 2147483647;
			files = (
			);
			runOnlyForDeploymentPostprocessing = 0;
		};
/* End PBXResourcesBuildPhase section */

/* Begin PBXShellScriptBuildPhase section */
		2520DD9BFB2756A308B90F25 /* [CP] Check Pods Manifest.lock */ = {
			isa = PBXShellScriptBuildPhase;
			buildActionMask = 2147483647;
			files = (
			);
			inputPaths = (
				"${PODS_PODFILE_DIR_PATH}/Podfile.lock",
				"${PODS_ROOT}/Manifest.lock",
			);
			name = "[CP] Check Pods Manifest.lock";
			outputPaths = (
				"$(DERIVED_FILE_DIR)/Pods-RealTimeProfilesTests-checkManifestLockResult.txt",
			);
			runOnlyForDeploymentPostprocessing = 0;
			shellPath = /bin/sh;
			shellScript = "diff \"${PODS_PODFILE_DIR_PATH}/Podfile.lock\" \"${PODS_ROOT}/Manifest.lock\" > /dev/null\nif [ $? != 0 ] ; then\n    # print error to STDERR\n    echo \"error: The sandbox is not in sync with the Podfile.lock. Run 'pod install' or update your CocoaPods installation.\" >&2\n    exit 1\nfi\n# This output is used by Xcode 'outputs' to avoid re-running this script phase.\necho \"SUCCESS\" > \"${SCRIPT_OUTPUT_FILE_0}\"\n";
			showEnvVarsInLog = 0;
		};
		63C13394FB88B6156C9B18D7 /* [CP] Check Pods Manifest.lock */ = {
			isa = PBXShellScriptBuildPhase;
			buildActionMask = 2147483647;
			files = (
			);
			inputPaths = (
				"${PODS_PODFILE_DIR_PATH}/Podfile.lock",
				"${PODS_ROOT}/Manifest.lock",
			);
			name = "[CP] Check Pods Manifest.lock";
			outputPaths = (
				"$(DERIVED_FILE_DIR)/Pods-RealTimeProfilesUITests-checkManifestLockResult.txt",
			);
			runOnlyForDeploymentPostprocessing = 0;
			shellPath = /bin/sh;
			shellScript = "diff \"${PODS_PODFILE_DIR_PATH}/Podfile.lock\" \"${PODS_ROOT}/Manifest.lock\" > /dev/null\nif [ $? != 0 ] ; then\n    # print error to STDERR\n    echo \"error: The sandbox is not in sync with the Podfile.lock. Run 'pod install' or update your CocoaPods installation.\" >&2\n    exit 1\nfi\n# This output is used by Xcode 'outputs' to avoid re-running this script phase.\necho \"SUCCESS\" > \"${SCRIPT_OUTPUT_FILE_0}\"\n";
			showEnvVarsInLog = 0;
		};
		7A790C21539CC1F541C16532 /* [CP] Embed Pods Frameworks */ = {
			isa = PBXShellScriptBuildPhase;
			buildActionMask = 2147483647;
			files = (
			);
			inputPaths = (
				"${SRCROOT}/Pods/Target Support Files/Pods-RealTimeProfiles/Pods-RealTimeProfiles-frameworks.sh",
				"${BUILT_PRODUCTS_DIR}/GTMSessionFetcher/GTMSessionFetcher.framework",
				"${BUILT_PRODUCTS_DIR}/GoogleUtilities/GoogleUtilities.framework",
				"${BUILT_PRODUCTS_DIR}/leveldb-library/leveldb.framework",
				"${BUILT_PRODUCTS_DIR}/nanopb/nanopb.framework",
			);
			name = "[CP] Embed Pods Frameworks";
			outputPaths = (
				"${TARGET_BUILD_DIR}/${FRAMEWORKS_FOLDER_PATH}/GTMSessionFetcher.framework",
				"${TARGET_BUILD_DIR}/${FRAMEWORKS_FOLDER_PATH}/GoogleUtilities.framework",
				"${TARGET_BUILD_DIR}/${FRAMEWORKS_FOLDER_PATH}/leveldb.framework",
				"${TARGET_BUILD_DIR}/${FRAMEWORKS_FOLDER_PATH}/nanopb.framework",
			);
			runOnlyForDeploymentPostprocessing = 0;
			shellPath = /bin/sh;
			shellScript = "\"${SRCROOT}/Pods/Target Support Files/Pods-RealTimeProfiles/Pods-RealTimeProfiles-frameworks.sh\"\n";
			showEnvVarsInLog = 0;
		};
		95AAD5BA79DB5946FAED3E63 /* [CP] Check Pods Manifest.lock */ = {
			isa = PBXShellScriptBuildPhase;
			buildActionMask = 2147483647;
			files = (
			);
			inputPaths = (
				"${PODS_PODFILE_DIR_PATH}/Podfile.lock",
				"${PODS_ROOT}/Manifest.lock",
			);
			name = "[CP] Check Pods Manifest.lock";
			outputPaths = (
				"$(DERIVED_FILE_DIR)/Pods-RealTimeProfiles-checkManifestLockResult.txt",
			);
			runOnlyForDeploymentPostprocessing = 0;
			shellPath = /bin/sh;
			shellScript = "diff \"${PODS_PODFILE_DIR_PATH}/Podfile.lock\" \"${PODS_ROOT}/Manifest.lock\" > /dev/null\nif [ $? != 0 ] ; then\n    # print error to STDERR\n    echo \"error: The sandbox is not in sync with the Podfile.lock. Run 'pod install' or update your CocoaPods installation.\" >&2\n    exit 1\nfi\n# This output is used by Xcode 'outputs' to avoid re-running this script phase.\necho \"SUCCESS\" > \"${SCRIPT_OUTPUT_FILE_0}\"\n";
			showEnvVarsInLog = 0;
		};
		96D4832A2128BE6500ADF55C /* ShellScript */ = {
			isa = PBXShellScriptBuildPhase;
			buildActionMask = 2147483647;
			files = (
			);
			inputPaths = (
			);
			outputPaths = (
			);
			runOnlyForDeploymentPostprocessing = 0;
			shellPath = /bin/sh;
			shellScript = "\"${PODS_ROOT}/Fabric/run\"";
		};
/* End PBXShellScriptBuildPhase section */

/* Begin PBXSourcesBuildPhase section */
		963488B52124F3980060318B /* Sources */ = {
			isa = PBXSourcesBuildPhase;
			buildActionMask = 2147483647;
			files = (
				96F1658B212BA0B00018BC4B /* LoginViewController.swift in Sources */,
				96555D0F213B46A6005291C8 /* ProfileDetailViewController.swift in Sources */,
				9655C6AD213349FC001C56C3 /* CreateProfileViewController.swift in Sources */,
				963488F12124F7010060318B /* ProfileViewController.swift in Sources */,
				9661082F2128C93C0070BD47 /* Profile.swift in Sources */,
				96D4832D2128C20E00ADF55C /* ProfileCollectionViewCell.swift in Sources */,
				9655C6AB21333FC3001C56C3 /* LoginViewModel.swift in Sources */,
				96F1658E212BA2BE0018BC4B /* Constants.swift in Sources */,
				96555D0D213B3430005291C8 /* FilterSortViewController.swift in Sources */,
				963488BD2124F3980060318B /* AppDelegate.swift in Sources */,
				96632E4C2137614300E1621E /* AppearanceProxy.swift in Sources */,
				966108322128CED40070BD47 /* ProfileViewModel.swift in Sources */,
			);
			runOnlyForDeploymentPostprocessing = 0;
		};
		963488C92124F3990060318B /* Sources */ = {
			isa = PBXSourcesBuildPhase;
			buildActionMask = 2147483647;
			files = (
				963488D22124F3990060318B /* RealTimeProfilesTests.swift in Sources */,
			);
			runOnlyForDeploymentPostprocessing = 0;
		};
		963488D42124F3990060318B /* Sources */ = {
			isa = PBXSourcesBuildPhase;
			buildActionMask = 2147483647;
			files = (
				963488DD2124F3990060318B /* RealTimeProfilesUITests.swift in Sources */,
			);
			runOnlyForDeploymentPostprocessing = 0;
		};
/* End PBXSourcesBuildPhase section */

/* Begin PBXTargetDependency section */
		963488CF2124F3990060318B /* PBXTargetDependency */ = {
			isa = PBXTargetDependency;
			target = 963488B82124F3980060318B /* RealTimeProfiles */;
			targetProxy = 963488CE2124F3990060318B /* PBXContainerItemProxy */;
		};
		963488DA2124F3990060318B /* PBXTargetDependency */ = {
			isa = PBXTargetDependency;
			target = 963488B82124F3980060318B /* RealTimeProfiles */;
			targetProxy = 963488D92124F3990060318B /* PBXContainerItemProxy */;
		};
/* End PBXTargetDependency section */

/* Begin XCBuildConfiguration section */
		963488DF2124F3990060318B /* Debug */ = {
			isa = XCBuildConfiguration;
			buildSettings = {
				ALWAYS_SEARCH_USER_PATHS = NO;
				CLANG_ANALYZER_NONNULL = YES;
				CLANG_ANALYZER_NUMBER_OBJECT_CONVERSION = YES_AGGRESSIVE;
				CLANG_CXX_LANGUAGE_STANDARD = "gnu++14";
				CLANG_CXX_LIBRARY = "libc++";
				CLANG_ENABLE_MODULES = YES;
				CLANG_ENABLE_OBJC_ARC = YES;
				CLANG_ENABLE_OBJC_WEAK = YES;
				CLANG_WARN_BLOCK_CAPTURE_AUTORELEASING = YES;
				CLANG_WARN_BOOL_CONVERSION = YES;
				CLANG_WARN_COMMA = YES;
				CLANG_WARN_CONSTANT_CONVERSION = YES;
				CLANG_WARN_DEPRECATED_OBJC_IMPLEMENTATIONS = YES;
				CLANG_WARN_DIRECT_OBJC_ISA_USAGE = YES_ERROR;
				CLANG_WARN_DOCUMENTATION_COMMENTS = YES;
				CLANG_WARN_EMPTY_BODY = YES;
				CLANG_WARN_ENUM_CONVERSION = YES;
				CLANG_WARN_INFINITE_RECURSION = YES;
				CLANG_WARN_INT_CONVERSION = YES;
				CLANG_WARN_NON_LITERAL_NULL_CONVERSION = YES;
				CLANG_WARN_OBJC_IMPLICIT_RETAIN_SELF = YES;
				CLANG_WARN_OBJC_LITERAL_CONVERSION = YES;
				CLANG_WARN_OBJC_ROOT_CLASS = YES_ERROR;
				CLANG_WARN_RANGE_LOOP_ANALYSIS = YES;
				CLANG_WARN_STRICT_PROTOTYPES = YES;
				CLANG_WARN_SUSPICIOUS_MOVE = YES;
				CLANG_WARN_UNGUARDED_AVAILABILITY = YES_AGGRESSIVE;
				CLANG_WARN_UNREACHABLE_CODE = YES;
				CLANG_WARN__DUPLICATE_METHOD_MATCH = YES;
				CODE_SIGN_IDENTITY = "iPhone Developer";
				COPY_PHASE_STRIP = NO;
				DEBUG_INFORMATION_FORMAT = dwarf;
				ENABLE_STRICT_OBJC_MSGSEND = YES;
				ENABLE_TESTABILITY = YES;
				GCC_C_LANGUAGE_STANDARD = gnu11;
				GCC_DYNAMIC_NO_PIC = NO;
				GCC_NO_COMMON_BLOCKS = YES;
				GCC_OPTIMIZATION_LEVEL = 0;
				GCC_PREPROCESSOR_DEFINITIONS = (
					"DEBUG=1",
					"$(inherited)",
				);
				GCC_WARN_64_TO_32_BIT_CONVERSION = YES;
				GCC_WARN_ABOUT_RETURN_TYPE = YES_ERROR;
				GCC_WARN_UNDECLARED_SELECTOR = YES;
				GCC_WARN_UNINITIALIZED_AUTOS = YES_AGGRESSIVE;
				GCC_WARN_UNUSED_FUNCTION = YES;
				GCC_WARN_UNUSED_VARIABLE = YES;
				IPHONEOS_DEPLOYMENT_TARGET = 11.4;
				MTL_ENABLE_DEBUG_INFO = YES;
				ONLY_ACTIVE_ARCH = YES;
				SDKROOT = iphoneos;
				SWIFT_ACTIVE_COMPILATION_CONDITIONS = DEBUG;
				SWIFT_OPTIMIZATION_LEVEL = "-Onone";
			};
			name = Debug;
		};
		963488E02124F3990060318B /* Release */ = {
			isa = XCBuildConfiguration;
			buildSettings = {
				ALWAYS_SEARCH_USER_PATHS = NO;
				CLANG_ANALYZER_NONNULL = YES;
				CLANG_ANALYZER_NUMBER_OBJECT_CONVERSION = YES_AGGRESSIVE;
				CLANG_CXX_LANGUAGE_STANDARD = "gnu++14";
				CLANG_CXX_LIBRARY = "libc++";
				CLANG_ENABLE_MODULES = YES;
				CLANG_ENABLE_OBJC_ARC = YES;
				CLANG_ENABLE_OBJC_WEAK = YES;
				CLANG_WARN_BLOCK_CAPTURE_AUTORELEASING = YES;
				CLANG_WARN_BOOL_CONVERSION = YES;
				CLANG_WARN_COMMA = YES;
				CLANG_WARN_CONSTANT_CONVERSION = YES;
				CLANG_WARN_DEPRECATED_OBJC_IMPLEMENTATIONS = YES;
				CLANG_WARN_DIRECT_OBJC_ISA_USAGE = YES_ERROR;
				CLANG_WARN_DOCUMENTATION_COMMENTS = YES;
				CLANG_WARN_EMPTY_BODY = YES;
				CLANG_WARN_ENUM_CONVERSION = YES;
				CLANG_WARN_INFINITE_RECURSION = YES;
				CLANG_WARN_INT_CONVERSION = YES;
				CLANG_WARN_NON_LITERAL_NULL_CONVERSION = YES;
				CLANG_WARN_OBJC_IMPLICIT_RETAIN_SELF = YES;
				CLANG_WARN_OBJC_LITERAL_CONVERSION = YES;
				CLANG_WARN_OBJC_ROOT_CLASS = YES_ERROR;
				CLANG_WARN_RANGE_LOOP_ANALYSIS = YES;
				CLANG_WARN_STRICT_PROTOTYPES = YES;
				CLANG_WARN_SUSPICIOUS_MOVE = YES;
				CLANG_WARN_UNGUARDED_AVAILABILITY = YES_AGGRESSIVE;
				CLANG_WARN_UNREACHABLE_CODE = YES;
				CLANG_WARN__DUPLICATE_METHOD_MATCH = YES;
				CODE_SIGN_IDENTITY = "iPhone Developer";
				COPY_PHASE_STRIP = NO;
				DEBUG_INFORMATION_FORMAT = "dwarf-with-dsym";
				ENABLE_NS_ASSERTIONS = NO;
				ENABLE_STRICT_OBJC_MSGSEND = YES;
				GCC_C_LANGUAGE_STANDARD = gnu11;
				GCC_NO_COMMON_BLOCKS = YES;
				GCC_WARN_64_TO_32_BIT_CONVERSION = YES;
				GCC_WARN_ABOUT_RETURN_TYPE = YES_ERROR;
				GCC_WARN_UNDECLARED_SELECTOR = YES;
				GCC_WARN_UNINITIALIZED_AUTOS = YES_AGGRESSIVE;
				GCC_WARN_UNUSED_FUNCTION = YES;
				GCC_WARN_UNUSED_VARIABLE = YES;
				IPHONEOS_DEPLOYMENT_TARGET = 11.4;
				MTL_ENABLE_DEBUG_INFO = NO;
				SDKROOT = iphoneos;
				SWIFT_COMPILATION_MODE = wholemodule;
				SWIFT_OPTIMIZATION_LEVEL = "-O";
				VALIDATE_PRODUCT = YES;
			};
			name = Release;
		};
		963488E22124F3990060318B /* Debug */ = {
			isa = XCBuildConfiguration;
			baseConfigurationReference = A57B8FFBFABE007758531C33 /* Pods-RealTimeProfiles.debug.xcconfig */;
			buildSettings = {
				ASSETCATALOG_COMPILER_APPICON_NAME = AppIcon;
				CODE_SIGN_STYLE = Automatic;
				DEVELOPMENT_TEAM = 6A8MVYF9GX;
				INFOPLIST_FILE = RealTimeProfiles/configs/Info.plist;
				IPHONEOS_DEPLOYMENT_TARGET = 11.0;
				LD_RUNPATH_SEARCH_PATHS = (
					"$(inherited)",
					"@executable_path/Frameworks",
				);
				PRODUCT_BUNDLE_IDENTIFIER = com.prandom.RealTimeProfile;
				PRODUCT_NAME = "$(TARGET_NAME)";
				SWIFT_VERSION = 4.2;
				TARGETED_DEVICE_FAMILY = "1,2";
			};
			name = Debug;
		};
		963488E32124F3990060318B /* Release */ = {
			isa = XCBuildConfiguration;
			baseConfigurationReference = 6709B21CE7007C7BEB7D9091 /* Pods-RealTimeProfiles.release.xcconfig */;
			buildSettings = {
				ASSETCATALOG_COMPILER_APPICON_NAME = AppIcon;
				CODE_SIGN_STYLE = Automatic;
				DEVELOPMENT_TEAM = 6A8MVYF9GX;
				INFOPLIST_FILE = RealTimeProfiles/configs/Info.plist;
				IPHONEOS_DEPLOYMENT_TARGET = 11.0;
				LD_RUNPATH_SEARCH_PATHS = (
					"$(inherited)",
					"@executable_path/Frameworks",
				);
				PRODUCT_BUNDLE_IDENTIFIER = com.prandom.RealTimeProfile;
				PRODUCT_NAME = "$(TARGET_NAME)";
				SWIFT_VERSION = 4.2;
				TARGETED_DEVICE_FAMILY = "1,2";
			};
			name = Release;
		};
		963488E52124F3990060318B /* Debug */ = {
			isa = XCBuildConfiguration;
			baseConfigurationReference = 7B9BCE1EE189CAC698002331 /* Pods-RealTimeProfilesTests.debug.xcconfig */;
			buildSettings = {
				ALWAYS_EMBED_SWIFT_STANDARD_LIBRARIES = YES;
				BUNDLE_LOADER = "$(TEST_HOST)";
				CODE_SIGN_STYLE = Automatic;
				INFOPLIST_FILE = RealTimeProfilesTests/Info.plist;
				LD_RUNPATH_SEARCH_PATHS = (
					"$(inherited)",
					"@executable_path/Frameworks",
					"@loader_path/Frameworks",
				);
				PRODUCT_BUNDLE_IDENTIFIER = com.prandom.RealTimeProfilesTests;
				PRODUCT_NAME = "$(TARGET_NAME)";
				SWIFT_VERSION = 4.2;
				TARGETED_DEVICE_FAMILY = "1,2";
				TEST_HOST = "$(BUILT_PRODUCTS_DIR)/RealTimeProfiles.app/RealTimeProfiles";
			};
			name = Debug;
		};
		963488E62124F3990060318B /* Release */ = {
			isa = XCBuildConfiguration;
			baseConfigurationReference = EB4EB01BE5B6C6AB779C2EE8 /* Pods-RealTimeProfilesTests.release.xcconfig */;
			buildSettings = {
				ALWAYS_EMBED_SWIFT_STANDARD_LIBRARIES = YES;
				BUNDLE_LOADER = "$(TEST_HOST)";
				CODE_SIGN_STYLE = Automatic;
				INFOPLIST_FILE = RealTimeProfilesTests/Info.plist;
				LD_RUNPATH_SEARCH_PATHS = (
					"$(inherited)",
					"@executable_path/Frameworks",
					"@loader_path/Frameworks",
				);
				PRODUCT_BUNDLE_IDENTIFIER = com.prandom.RealTimeProfilesTests;
				PRODUCT_NAME = "$(TARGET_NAME)";
				SWIFT_VERSION = 4.2;
				TARGETED_DEVICE_FAMILY = "1,2";
				TEST_HOST = "$(BUILT_PRODUCTS_DIR)/RealTimeProfiles.app/RealTimeProfiles";
			};
			name = Release;
		};
		963488E82124F3990060318B /* Debug */ = {
			isa = XCBuildConfiguration;
			baseConfigurationReference = 869920424714F23C6ED9F8F7 /* Pods-RealTimeProfilesUITests.debug.xcconfig */;
			buildSettings = {
				ALWAYS_EMBED_SWIFT_STANDARD_LIBRARIES = YES;
				CODE_SIGN_STYLE = Automatic;
				INFOPLIST_FILE = RealTimeProfilesUITests/Info.plist;
				LD_RUNPATH_SEARCH_PATHS = (
					"$(inherited)",
					"@executable_path/Frameworks",
					"@loader_path/Frameworks",
				);
				PRODUCT_BUNDLE_IDENTIFIER = com.prandom.RealTimeProfilesUITests;
				PRODUCT_NAME = "$(TARGET_NAME)";
				SWIFT_VERSION = 4.2;
				TARGETED_DEVICE_FAMILY = "1,2";
				TEST_TARGET_NAME = RealTimeProfiles;
			};
			name = Debug;
		};
		963488E92124F3990060318B /* Release */ = {
			isa = XCBuildConfiguration;
			baseConfigurationReference = 8DB2EA1ED9BCCECE7CFC4A86 /* Pods-RealTimeProfilesUITests.release.xcconfig */;
			buildSettings = {
				ALWAYS_EMBED_SWIFT_STANDARD_LIBRARIES = YES;
				CODE_SIGN_STYLE = Automatic;
				INFOPLIST_FILE = RealTimeProfilesUITests/Info.plist;
				LD_RUNPATH_SEARCH_PATHS = (
					"$(inherited)",
					"@executable_path/Frameworks",
					"@loader_path/Frameworks",
				);
				PRODUCT_BUNDLE_IDENTIFIER = com.prandom.RealTimeProfilesUITests;
				PRODUCT_NAME = "$(TARGET_NAME)";
				SWIFT_VERSION = 4.2;
				TARGETED_DEVICE_FAMILY = "1,2";
				TEST_TARGET_NAME = RealTimeProfiles;
			};
			name = Release;
		};
/* End XCBuildConfiguration section */

/* Begin XCConfigurationList section */
		963488B42124F3980060318B /* Build configuration list for PBXProject "RealTimeProfiles" */ = {
			isa = XCConfigurationList;
			buildConfigurations = (
				963488DF2124F3990060318B /* Debug */,
				963488E02124F3990060318B /* Release */,
			);
			defaultConfigurationIsVisible = 0;
			defaultConfigurationName = Release;
		};
		963488E12124F3990060318B /* Build configuration list for PBXNativeTarget "RealTimeProfiles" */ = {
			isa = XCConfigurationList;
			buildConfigurations = (
				963488E22124F3990060318B /* Debug */,
				963488E32124F3990060318B /* Release */,
			);
			defaultConfigurationIsVisible = 0;
			defaultConfigurationName = Release;
		};
		963488E42124F3990060318B /* Build configuration list for PBXNativeTarget "RealTimeProfilesTests" */ = {
			isa = XCConfigurationList;
			buildConfigurations = (
				963488E52124F3990060318B /* Debug */,
				963488E62124F3990060318B /* Release */,
			);
			defaultConfigurationIsVisible = 0;
			defaultConfigurationName = Release;
		};
		963488E72124F3990060318B /* Build configuration list for PBXNativeTarget "RealTimeProfilesUITests" */ = {
			isa = XCConfigurationList;
			buildConfigurations = (
				963488E82124F3990060318B /* Debug */,
				963488E92124F3990060318B /* Release */,
			);
			defaultConfigurationIsVisible = 0;
			defaultConfigurationName = Release;
		};
/* End XCConfigurationList section */
	};
	rootObject = 963488B12124F3980060318B /* Project object */;
}
